
Microsoft Visual Studio Solution File, Format Version 12.00
# Visual Studio 15
VisualStudioVersion = 15.0.28306.52
MinimumVisualStudioVersion = 10.0.40219.1
Project("{FAE04EC0-301F-11D3-BF4B-00C04F79EFBC}") = "qwerty_handtracking", "qwerty_handtracking\qwerty_handtracking.csproj", "{561667C1-F0B8-40B4-B4D8-7296D4B377F8}"
EndProject
Project("{FAE04EC0-301F-11D3-BF4B-00C04F79EFBC}") = "LightBuzz.Vitruvius.FingerTracking", "..\LightBuzz.Vitruvius.FingerTracking\LightBuzz.Vitruvius.FingerTracking.csproj", "{C7312BB5-22EB-4B9C-9552-C97F0ECD0663}"
EndProject
Global
	GlobalSection(SolutionConfigurationPlatforms) = preSolution
		Debug|Any CPU = Debug|Any CPU
		Release|Any CPU = Release|Any CPU
	EndGlobalSection
	GlobalSection(ProjectConfigurationPlatforms) = postSolution
		{561667C1-F0B8-40B4-B4D8-7296D4B377F8}.Debug|Any CPU.ActiveCfg = Debug|Any CPU
		{561667C1-F0B8-40B4-B4D8-7296D4B377F8}.Debug|Any CPU.Build.0 = Debug|Any CPU
		{561667C1-F0B8-40B4-B4D8-7296D4B377F8}.Release|Any CPU.ActiveCfg = Release|Any CPU
		{561667C1-F0B8-40B4-B4D8-7296D4B377F8}.Release|Any CPU.Build.0 = Release|Any CPU
		{C7312BB5-22EB-4B9C-9552-C97F0ECD0663}.Debug|Any CPU.ActiveCfg = Debug|Any CPU
		{C7312BB5-22EB-4B9C-9552-C97F0ECD0663}.Debug|Any CPU.Build.0 = Debug|Any CPU
		{C7312BB5-22EB-4B9C-9552-C97F0ECD0663}.Release|Any CPU.ActiveCfg = Release|Any CPU
		{C7312BB5-22EB-4B9C-9552-C97F0ECD0663}.Release|Any CPU.Build.0 = Release|Any CPU
	EndGlobalSection
	GlobalSection(SolutionProperties) = preSolution
		HideSolutionNode = FALSE
	EndGlobalSection
	GlobalSection(ExtensibilityGlobals) = postSolution
		SolutionGuid = {A192AAAA-6AE2-4327-8E89-0A9C10019998}
	EndGlobalSection
EndGlobal
